{
  "version": 4,
  "terraform_version": "1.13.1",
  "serial": 47,
  "lineage": "b6feea23-d877-0118-bba9-790963fa3997",
  "outputs": {},
  "resources": [
    {
      "mode": "data",
      "type": "aws_caller_identity",
      "name": "current",
      "provider": "provider[\"registry.terraform.io/hashicorp/aws\"]",
      "instances": [
        {
          "schema_version": 0,
          "attributes": {
            "account_id": "291041007391",
            "arn": "arn:aws:iam::291041007391:user/Kittokbud",
            "id": "291041007391",
            "user_id": "AIDAUHQ3FK4PZRSFDQIJP"
          },
          "sensitive_attributes": [],
          "identity_schema_version": 0
        }
      ]
    },
    {
      "mode": "data",
      "type": "aws_eks_cluster",
      "name": "eks",
      "provider": "provider[\"registry.terraform.io/hashicorp/aws\"]",
      "instances": [
        {
          "schema_version": 0,
          "attributes": {
            "access_config": [
              {
                "authentication_mode": "API",
                "bootstrap_cluster_creator_admin_permissions": true
              }
            ],
            "arn": "arn:aws:eks:ap-southeast-1:291041007391:cluster/demo-eks",
            "certificate_authority": [
              {
                "data": "LS0tLS1CRUdJTiBDRVJUSUZJQ0FURS0tLS0tCk1JSURCVENDQWUyZ0F3SUJBZ0lJUDBsOHVZN0FZTEF3RFFZSktvWklodmNOQVFFTEJRQXdGVEVUTUJFR0ExVUUKQXhNS2EzVmlaWEp1WlhSbGN6QWVGdzB5TlRBNE1qa3dPRE14TWpGYUZ3MHpOVEE0TWpjd09ETTJNakZhTUJVeApFekFSQmdOVkJBTVRDbXQxWW1WeWJtVjBaWE13Z2dFaU1BMEdDU3FHU0liM0RRRUJBUVVBQTRJQkR3QXdnZ0VLCkFvSUJBUURCWmpDQnhzbjhnZUwzM25TZHNtcjZmVmx4YmFNUDFYWmVoWkx6R2RqODZOdVNGZFlVdXlWblMvWEkKTEpnZjBLMXpRZjk3UmM1V1dNaEk1ZlNraDlZSkUvNTZzUm9sZ04wVmpTTkUyam56RWdpSmlpTUt1VWt6OG0zUwpXOVFnV080UWNjNmIwMCtiSEhraloyWml1ODhNZnl0Z0JWekdlb2F3T2UxZUpRRkJLQXpFdFVuUmQ4WXR4ZTFPCkRCUGN5b09KM3EvWjZGMlpRaU9ESGNSMEZJNUVzVmlTRVkrUFdEM3hsYTBST1VTaUFLWEFpTmR3REpUREZRUnkKaVd3Ym5BVTJZM0tVVHFJZjd1UU9DdWRGZ09yYjNoVDZXM2dtZWR3YzFTTnc3UFQ2UlBJOC9oRHhGdFZGdElpdQpEbDk0MFlRQkVUaWVpaEVvRXlXUXhMUU1MK0dKQWdNQkFBR2pXVEJYTUE0R0ExVWREd0VCL3dRRUF3SUNwREFQCkJnTlZIUk1CQWY4RUJUQURBUUgvTUIwR0ExVWREZ1FXQkJTQTdKVXVmZWRaajBtc3lQUy90Vm54SFVBN2x6QVYKQmdOVkhSRUVEakFNZ2dwcmRXSmxjbTVsZEdWek1BMEdDU3FHU0liM0RRRUJDd1VBQTRJQkFRQ29NY0VNb3BsRQoxOUozNE5UNjB0TWQyNGJDWVpxSmd5aWtaUHNzVmw2T0N2S0dFTVkzUC91SFh4UTNqRzJvQVpIZ29mVnc3V01SCm9sdGhHb09KUzhqcmcxa3NDeGp0VGhSVnBBdkZHa05pYXB5QzRFSTJaSEdlbmJUSjhROU4zK1hteTZDKzQvWVgKTmlzdW5RenFpZHNqS2hTU05raElGbWc2ZUNxV0tVeDVWTEh6U0dLc1J2Z0M0cmFOakN4WjJtbUVzMlhPSFlJLwpEVG90bmxobWp2MDBCMlFCK1RGa21tYVFBV1loQzUrNVNOdTg4bmtRTUFFQ1crRktQK09QcWZlUGlKUUk4QlQwCjgwdDNuU2JJeVdjdktWTEh3UjNXZ0w3MW5VVGpydk5OeUtuZGFiZXp0TGNNQnJhbG1xMEVKTTVVRWNqZ0xwaS8KKzR2OThWN0QwS2lMCi0tLS0tRU5EIENFUlRJRklDQVRFLS0tLS0K"
              }
            ],
            "cluster_id": null,
            "compute_config": [],
            "created_at": "2025-08-29T08:31:18Z",
            "deletion_protection": false,
            "enabled_cluster_log_types": [],
            "endpoint": "https://61AB5F6A6283F1F6AD0620D763BE8460.gr7.ap-southeast-1.eks.amazonaws.com",
            "id": "demo-eks",
            "identity": [
              {
                "oidc": [
                  {
                    "issuer": "https://oidc.eks.ap-southeast-1.amazonaws.com/id/61AB5F6A6283F1F6AD0620D763BE8460"
                  }
                ]
              }
            ],
            "kubernetes_network_config": [
              {
                "elastic_load_balancing": [
                  {
                    "enabled": false
                  }
                ],
                "ip_family": "ipv4",
                "service_ipv4_cidr": "172.20.0.0/16",
                "service_ipv6_cidr": ""
              }
            ],
            "name": "demo-eks",
            "outpost_config": [],
            "platform_version": "eks.11",
            "region": "ap-southeast-1",
            "remote_network_config": [],
            "role_arn": "arn:aws:iam::291041007391:role/staging-demo-eks-cluster",
            "status": "ACTIVE",
            "storage_config": [],
            "tags": {},
            "upgrade_policy": [
              {
                "support_type": "EXTENDED"
              }
            ],
            "version": "1.33",
            "vpc_config": [
              {
                "cluster_security_group_id": "sg-0b2632d26a1cd07b7",
                "endpoint_private_access": false,
                "endpoint_public_access": true,
                "public_access_cidrs": [
                  "0.0.0.0/0"
                ],
                "security_group_ids": [],
                "subnet_ids": [
                  "subnet-07cfd4924b883472c",
                  "subnet-0e176d78dada8e928"
                ],
                "vpc_id": "vpc-049866d842b07827c"
              }
            ],
            "zonal_shift_config": []
          },
          "sensitive_attributes": [],
          "identity_schema_version": 0
        }
      ]
    },
    {
      "mode": "data",
      "type": "aws_eks_cluster_auth",
      "name": "eks",
      "provider": "provider[\"registry.terraform.io/hashicorp/aws\"]",
      "instances": [
        {
          "schema_version": 0,
          "attributes": {
            "id": "demo-eks",
            "name": "demo-eks",
            "region": "ap-southeast-1",
            "token": "k8s-aws-v1.aHR0cHM6Ly9zdHMuYXAtc291dGhlYXN0LTEuYW1hem9uYXdzLmNvbS8_QWN0aW9uPUdldENhbGxlcklkZW50aXR5JlZlcnNpb249MjAxMS0wNi0xNSZYLUFtei1BbGdvcml0aG09QVdTNC1ITUFDLVNIQTI1NiZYLUFtei1DcmVkZW50aWFsPUFLSUFVSFEzRks0UDJWN1NSTUhSJTJGMjAyNTA4MzElMkZhcC1zb3V0aGVhc3QtMSUyRnN0cyUyRmF3czRfcmVxdWVzdCZYLUFtei1EYXRlPTIwMjUwODMxVDEwMTQwNlomWC1BbXotRXhwaXJlcz0wJlgtQW16LVNpZ25lZEhlYWRlcnM9aG9zdCUzQngtazhzLWF3cy1pZCZYLUFtei1TaWduYXR1cmU9MmFmNjZiZDhkYWYwYWRlYzcxNmNlOTcyNzM1OWNiMDNmNmUzMTlmZGU3NDU1Mjk5ZDUwZmM3M2E3Njk3YmViZQ"
          },
          "sensitive_attributes": [
            [
              {
                "type": "get_attr",
                "value": "token"
              }
            ]
          ],
          "identity_schema_version": 0
        }
      ]
    },
    {
      "mode": "managed",
      "type": "aws_eip",
      "name": "nat-eip",
      "provider": "provider[\"registry.terraform.io/hashicorp/aws\"]",
      "instances": [
        {
          "schema_version": 0,
          "attributes": {
            "address": null,
            "allocation_id": "eipalloc-0587f91a4fabb34f0",
            "arn": "arn:aws:ec2:ap-southeast-1:291041007391:elastic-ip/eipalloc-0587f91a4fabb34f0",
            "associate_with_private_ip": null,
            "association_id": "eipassoc-0eda45fc1fd86af4f",
            "carrier_ip": "",
            "customer_owned_ip": "",
            "customer_owned_ipv4_pool": "",
            "domain": "vpc",
            "id": "eipalloc-0587f91a4fabb34f0",
            "instance": "",
            "ipam_pool_id": null,
            "network_border_group": "ap-southeast-1",
            "network_interface": "eni-04dee63550c69b14d",
            "private_dns": "ip-10-0-2-165.ap-southeast-1.compute.internal",
            "private_ip": "10.0.2.165",
            "ptr_record": "",
            "public_dns": "ec2-52-74-215-6.ap-southeast-1.compute.amazonaws.com",
            "public_ip": "52.74.215.6",
            "public_ipv4_pool": "amazon",
            "region": "ap-southeast-1",
            "tags": {
              "Name": "staging-nat-eip"
            },
            "tags_all": {
              "Name": "staging-nat-eip"
            },
            "timeouts": null
          },
          "sensitive_attributes": [],
          "identity_schema_version": 0,
          "private": "eyJlMmJmYjczMC1lY2FhLTExZTYtOGY4OC0zNDM2M2JjN2M0YzAiOnsiZGVsZXRlIjoxODAwMDAwMDAwMDAsInJlYWQiOjkwMDAwMDAwMDAwMCwidXBkYXRlIjozMDAwMDAwMDAwMDB9fQ=="
        }
      ]
    },
    {
      "mode": "managed",
      "type": "aws_eks_access_entry",
      "name": "developer",
      "provider": "provider[\"registry.terraform.io/hashicorp/aws\"]",
      "instances": [
        {
          "schema_version": 0,
          "attributes": {
            "access_entry_arn": "arn:aws:eks:ap-southeast-1:291041007391:access-entry/demo-eks/user/291041007391/developer/a2cc7da9-ba1a-f129-a0ce-8951286e3aae",
            "cluster_name": "demo-eks",
            "created_at": "2025-08-30T14:13:27Z",
            "id": "demo-eks:arn:aws:iam::291041007391:user/developer",
            "kubernetes_groups": [
              "my-viewer"
            ],
            "modified_at": "2025-08-30T14:13:27Z",
            "principal_arn": "arn:aws:iam::291041007391:user/developer",
            "region": "ap-southeast-1",
            "tags": {},
            "tags_all": {},
            "timeouts": null,
            "type": "STANDARD",
            "user_name": "arn:aws:iam::291041007391:user/developer"
          },
          "sensitive_attributes": [],
          "identity_schema_version": 0,
          "private": "eyJlMmJmYjczMC1lY2FhLTExZTYtOGY4OC0zNDM2M2JjN2M0YzAiOnsiY3JlYXRlIjo2MDAwMDAwMDAwMDAsImRlbGV0ZSI6NjAwMDAwMDAwMDAwfX0=",
          "dependencies": [
            "aws_eks_cluster.eks",
            "aws_iam_role.eks",
            "aws_iam_role_policy_attachment.eks",
            "aws_iam_user.developer",
            "aws_subnet.private-1-zone1",
            "aws_subnet.private-1-zone2",
            "aws_vpc.vpc-eks-main"
          ]
        }
      ]
    },
    {
      "mode": "managed",
      "type": "aws_eks_access_entry",
      "name": "manager",
      "provider": "provider[\"registry.terraform.io/hashicorp/aws\"]",
      "instances": [
        {
          "schema_version": 0,
          "attributes": {
            "access_entry_arn": "arn:aws:eks:ap-southeast-1:291041007391:access-entry/demo-eks/role/291041007391/staging-demo-eks-admin/e0cc7dd2-9268-24b0-2e13-57691a27102c",
            "cluster_name": "demo-eks",
            "created_at": "2025-08-30T15:42:40Z",
            "id": "demo-eks:arn:aws:iam::291041007391:role/staging-demo-eks-admin",
            "kubernetes_groups": [
              "my-admin"
            ],
            "modified_at": "2025-08-30T15:42:40Z",
            "principal_arn": "arn:aws:iam::291041007391:role/staging-demo-eks-admin",
            "region": "ap-southeast-1",
            "tags": {},
            "tags_all": {},
            "timeouts": null,
            "type": "STANDARD",
            "user_name": "arn:aws:sts::291041007391:assumed-role/staging-demo-eks-admin/{{SessionName}}"
          },
          "sensitive_attributes": [],
          "identity_schema_version": 0,
          "private": "eyJlMmJmYjczMC1lY2FhLTExZTYtOGY4OC0zNDM2M2JjN2M0YzAiOnsiY3JlYXRlIjo2MDAwMDAwMDAwMDAsImRlbGV0ZSI6NjAwMDAwMDAwMDAwfX0=",
          "dependencies": [
            "aws_eks_cluster.eks",
            "aws_iam_role.eks",
            "aws_iam_role.eks_admin",
            "aws_iam_role_policy_attachment.eks",
            "aws_subnet.private-1-zone1",
            "aws_subnet.private-1-zone2",
            "aws_vpc.vpc-eks-main",
            "data.aws_caller_identity.current"
          ]
        }
      ]
    },
    {
      "mode": "managed",
      "type": "aws_eks_cluster",
      "name": "eks",
      "provider": "provider[\"registry.terraform.io/hashicorp/aws\"]",
      "instances": [
        {
          "schema_version": 1,
          "attributes": {
            "access_config": [
              {
                "authentication_mode": "API",
                "bootstrap_cluster_creator_admin_permissions": true
              }
            ],
            "arn": "arn:aws:eks:ap-southeast-1:291041007391:cluster/demo-eks",
            "bootstrap_self_managed_addons": true,
            "certificate_authority": [
              {
                "data": "LS0tLS1CRUdJTiBDRVJUSUZJQ0FURS0tLS0tCk1JSURCVENDQWUyZ0F3SUJBZ0lJUDBsOHVZN0FZTEF3RFFZSktvWklodmNOQVFFTEJRQXdGVEVUTUJFR0ExVUUKQXhNS2EzVmlaWEp1WlhSbGN6QWVGdzB5TlRBNE1qa3dPRE14TWpGYUZ3MHpOVEE0TWpjd09ETTJNakZhTUJVeApFekFSQmdOVkJBTVRDbXQxWW1WeWJtVjBaWE13Z2dFaU1BMEdDU3FHU0liM0RRRUJBUVVBQTRJQkR3QXdnZ0VLCkFvSUJBUURCWmpDQnhzbjhnZUwzM25TZHNtcjZmVmx4YmFNUDFYWmVoWkx6R2RqODZOdVNGZFlVdXlWblMvWEkKTEpnZjBLMXpRZjk3UmM1V1dNaEk1ZlNraDlZSkUvNTZzUm9sZ04wVmpTTkUyam56RWdpSmlpTUt1VWt6OG0zUwpXOVFnV080UWNjNmIwMCtiSEhraloyWml1ODhNZnl0Z0JWekdlb2F3T2UxZUpRRkJLQXpFdFVuUmQ4WXR4ZTFPCkRCUGN5b09KM3EvWjZGMlpRaU9ESGNSMEZJNUVzVmlTRVkrUFdEM3hsYTBST1VTaUFLWEFpTmR3REpUREZRUnkKaVd3Ym5BVTJZM0tVVHFJZjd1UU9DdWRGZ09yYjNoVDZXM2dtZWR3YzFTTnc3UFQ2UlBJOC9oRHhGdFZGdElpdQpEbDk0MFlRQkVUaWVpaEVvRXlXUXhMUU1MK0dKQWdNQkFBR2pXVEJYTUE0R0ExVWREd0VCL3dRRUF3SUNwREFQCkJnTlZIUk1CQWY4RUJUQURBUUgvTUIwR0ExVWREZ1FXQkJTQTdKVXVmZWRaajBtc3lQUy90Vm54SFVBN2x6QVYKQmdOVkhSRUVEakFNZ2dwcmRXSmxjbTVsZEdWek1BMEdDU3FHU0liM0RRRUJDd1VBQTRJQkFRQ29NY0VNb3BsRQoxOUozNE5UNjB0TWQyNGJDWVpxSmd5aWtaUHNzVmw2T0N2S0dFTVkzUC91SFh4UTNqRzJvQVpIZ29mVnc3V01SCm9sdGhHb09KUzhqcmcxa3NDeGp0VGhSVnBBdkZHa05pYXB5QzRFSTJaSEdlbmJUSjhROU4zK1hteTZDKzQvWVgKTmlzdW5RenFpZHNqS2hTU05raElGbWc2ZUNxV0tVeDVWTEh6U0dLc1J2Z0M0cmFOakN4WjJtbUVzMlhPSFlJLwpEVG90bmxobWp2MDBCMlFCK1RGa21tYVFBV1loQzUrNVNOdTg4bmtRTUFFQ1crRktQK09QcWZlUGlKUUk4QlQwCjgwdDNuU2JJeVdjdktWTEh3UjNXZ0w3MW5VVGpydk5OeUtuZGFiZXp0TGNNQnJhbG1xMEVKTTVVRWNqZ0xwaS8KKzR2OThWN0QwS2lMCi0tLS0tRU5EIENFUlRJRklDQVRFLS0tLS0K"
              }
            ],
            "cluster_id": null,
            "compute_config": [],
            "created_at": "2025-08-29T08:31:18Z",
            "deletion_protection": false,
            "enabled_cluster_log_types": [],
            "encryption_config": [],
            "endpoint": "https://61AB5F6A6283F1F6AD0620D763BE8460.gr7.ap-southeast-1.eks.amazonaws.com",
            "force_update_version": null,
            "id": "demo-eks",
            "identity": [
              {
                "oidc": [
                  {
                    "issuer": "https://oidc.eks.ap-southeast-1.amazonaws.com/id/61AB5F6A6283F1F6AD0620D763BE8460"
                  }
                ]
              }
            ],
            "kubernetes_network_config": [
              {
                "elastic_load_balancing": [
                  {
                    "enabled": false
                  }
                ],
                "ip_family": "ipv4",
                "service_ipv4_cidr": "172.20.0.0/16",
                "service_ipv6_cidr": ""
              }
            ],
            "name": "demo-eks",
            "outpost_config": [],
            "platform_version": "eks.11",
            "region": "ap-southeast-1",
            "remote_network_config": [],
            "role_arn": "arn:aws:iam::291041007391:role/staging-demo-eks-cluster",
            "status": "ACTIVE",
            "storage_config": [],
            "tags": {},
            "tags_all": {},
            "timeouts": null,
            "upgrade_policy": [
              {
                "support_type": "EXTENDED"
              }
            ],
            "version": "1.33",
            "vpc_config": [
              {
                "cluster_security_group_id": "sg-0b2632d26a1cd07b7",
                "endpoint_private_access": false,
                "endpoint_public_access": true,
                "public_access_cidrs": [
                  "0.0.0.0/0"
                ],
                "security_group_ids": [],
                "subnet_ids": [
                  "subnet-07cfd4924b883472c",
                  "subnet-0e176d78dada8e928"
                ],
                "vpc_id": "vpc-049866d842b07827c"
              }
            ],
            "zonal_shift_config": []
          },
          "sensitive_attributes": [],
          "identity_schema_version": 0,
          "private": "eyJlMmJmYjczMC1lY2FhLTExZTYtOGY4OC0zNDM2M2JjN2M0YzAiOnsiY3JlYXRlIjoxODAwMDAwMDAwMDAwLCJkZWxldGUiOjkwMDAwMDAwMDAwMCwidXBkYXRlIjozNjAwMDAwMDAwMDAwfSwic2NoZW1hX3ZlcnNpb24iOiIxIn0=",
          "dependencies": [
            "aws_iam_role.eks",
            "aws_iam_role_policy_attachment.eks",
            "aws_subnet.private-1-zone1",
            "aws_subnet.private-1-zone2",
            "aws_vpc.vpc-eks-main"
          ]
        }
      ]
    },
    {
      "mode": "managed",
      "type": "aws_eks_node_group",
      "name": "general",
      "provider": "provider[\"registry.terraform.io/hashicorp/aws\"]",
      "instances": [
        {
          "schema_version": 0,
          "attributes": {
            "ami_type": "AL2023_x86_64_STANDARD",
            "arn": "arn:aws:eks:ap-southeast-1:291041007391:nodegroup/demo-eks/general/d6cc7a7d-367d-795d-1ab6-478778044273",
            "capacity_type": "ON_DEMAND",
            "cluster_name": "demo-eks",
            "disk_size": 20,
            "force_update_version": null,
            "id": "demo-eks:general",
            "instance_types": [
              "t3.large"
            ],
            "labels": {
              "role": "general"
            },
            "launch_template": [],
            "node_group_name": "general",
            "node_group_name_prefix": "",
            "node_repair_config": [],
            "node_role_arn": "arn:aws:iam::291041007391:role/staging-demo-eks-nodes",
            "region": "ap-southeast-1",
            "release_version": "1.33.3-20250821",
            "remote_access": [],
            "resources": [
              {
                "autoscaling_groups": [
                  {
                    "name": "eks-general-d6cc7a7d-367d-795d-1ab6-478778044273"
                  }
                ],
                "remote_access_security_group_id": ""
              }
            ],
            "scaling_config": [
              {
                "desired_size": 2,
                "max_size": 3,
                "min_size": 0
              }
            ],
            "status": "ACTIVE",
            "subnet_ids": [
              "subnet-07cfd4924b883472c",
              "subnet-0e176d78dada8e928"
            ],
            "tags": {},
            "tags_all": {},
            "taint": [],
            "timeouts": null,
            "update_config": [
              {
                "max_unavailable": 1,
                "max_unavailable_percentage": 0
              }
            ],
            "version": "1.33"
          },
          "sensitive_attributes": [],
          "identity_schema_version": 0,
          "private": "eyJlMmJmYjczMC1lY2FhLTExZTYtOGY4OC0zNDM2M2JjN2M0YzAiOnsiY3JlYXRlIjozNjAwMDAwMDAwMDAwLCJkZWxldGUiOjM2MDAwMDAwMDAwMDAsInVwZGF0ZSI6MzYwMDAwMDAwMDAwMH19",
          "dependencies": [
            "aws_eks_cluster.eks",
            "aws_iam_role.eks",
            "aws_iam_role.nodes",
            "aws_iam_role_policy_attachment.aws_ec2_container_registry_read_only",
            "aws_iam_role_policy_attachment.aws_eks_cni_policy",
            "aws_iam_role_policy_attachment.aws_eks_worker_node_policy",
            "aws_iam_role_policy_attachment.eks",
            "aws_subnet.private-1-zone1",
            "aws_subnet.private-1-zone2",
            "aws_vpc.vpc-eks-main"
          ]
        }
      ]
    },
    {
      "mode": "managed",
      "type": "aws_iam_policy",
      "name": "dev_eks",
      "provider": "provider[\"registry.terraform.io/hashicorp/aws\"]",
      "instances": [
        {
          "schema_version": 0,
          "attributes": {
            "arn": "arn:aws:iam::291041007391:policy/AmazonEKSDeveloperPolicy",
            "attachment_count": 1,
            "description": "",
            "id": "arn:aws:iam::291041007391:policy/AmazonEKSDeveloperPolicy",
            "name": "AmazonEKSDeveloperPolicy",
            "name_prefix": "",
            "path": "/",
            "policy": "{\"Statement\":[{\"Action\":[\"eks:DescribeCluster\",\"eks:ListClusters\"],\"Effect\":\"Allow\",\"Resource\":\"*\"}],\"Version\":\"2012-10-17\"}",
            "policy_id": "ANPAUHQ3FK4P7ZORZUWF6",
            "tags": {},
            "tags_all": {}
          },
          "sensitive_attributes": [],
          "identity_schema_version": 0,
          "identity": {
            "arn": "arn:aws:iam::291041007391:policy/AmazonEKSDeveloperPolicy"
          },
          "private": "bnVsbA=="
        }
      ]
    },
    {
      "mode": "managed",
      "type": "aws_iam_policy",
      "name": "eks_admin",
      "provider": "provider[\"registry.terraform.io/hashicorp/aws\"]",
      "instances": [
        {
          "schema_version": 0,
          "attributes": {
            "arn": "arn:aws:iam::291041007391:policy/AmazonEKSAdminPolicy",
            "attachment_count": 1,
            "description": "",
            "id": "arn:aws:iam::291041007391:policy/AmazonEKSAdminPolicy",
            "name": "AmazonEKSAdminPolicy",
            "name_prefix": "",
            "path": "/",
            "policy": "{\"Statement\":[{\"Action\":[\"eks:*\"],\"Effect\":\"Allow\",\"Resource\":\"*\"},{\"Action\":\"iam:PassRole\",\"Condition\":{\"StringEquals\":{\"iam:PassedToService\":\"eks.amazonaws.com\"}},\"Effect\":\"Allow\",\"Resource\":\"*\"}],\"Version\":\"2012-10-17\"}",
            "policy_id": "ANPAUHQ3FK4P4IVCJKD5Q",
            "tags": {},
            "tags_all": {}
          },
          "sensitive_attributes": [],
          "identity_schema_version": 0,
          "identity": {
            "arn": "arn:aws:iam::291041007391:policy/AmazonEKSAdminPolicy"
          },
          "private": "bnVsbA=="
        }
      ]
    },
    {
      "mode": "managed",
      "type": "aws_iam_policy",
      "name": "eks_assume_admin",
      "provider": "provider[\"registry.terraform.io/hashicorp/aws\"]",
      "instances": [
        {
          "schema_version": 0,
          "attributes": {
            "arn": "arn:aws:iam::291041007391:policy/AmazonEKSAssumeAdminPolicy",
            "attachment_count": 1,
            "description": "",
            "id": "arn:aws:iam::291041007391:policy/AmazonEKSAssumeAdminPolicy",
            "name": "AmazonEKSAssumeAdminPolicy",
            "name_prefix": "",
            "path": "/",
            "policy": "{\"Statement\":[{\"Action\":[\"sts:AssumeRole\"],\"Effect\":\"Allow\",\"Resource\":\"arn:aws:iam::291041007391:role/staging-demo-eks-admin\"}],\"Version\":\"2012-10-17\"}",
            "policy_id": "ANPAUHQ3FK4PZEFEEWQNL",
            "tags": {},
            "tags_all": {}
          },
          "sensitive_attributes": [],
          "identity_schema_version": 0,
          "identity": {
            "arn": "arn:aws:iam::291041007391:policy/AmazonEKSAssumeAdminPolicy"
          },
          "private": "bnVsbA==",
          "dependencies": [
            "aws_iam_role.eks_admin",
            "data.aws_caller_identity.current"
          ]
        }
      ]
    },
    {
      "mode": "managed",
      "type": "aws_iam_role",
      "name": "eks",
      "provider": "provider[\"registry.terraform.io/hashicorp/aws\"]",
      "instances": [
        {
          "schema_version": 0,
          "attributes": {
            "arn": "arn:aws:iam::291041007391:role/staging-demo-eks-cluster",
            "assume_role_policy": "{\"Statement\":[{\"Action\":\"sts:AssumeRole\",\"Effect\":\"Allow\",\"Principal\":{\"Service\":\"eks.amazonaws.com\"}}],\"Version\":\"2012-10-17\"}",
            "create_date": "2025-08-29T08:31:13Z",
            "description": "",
            "force_detach_policies": false,
            "id": "staging-demo-eks-cluster",
            "inline_policy": [],
            "managed_policy_arns": [
              "arn:aws:iam::aws:policy/AmazonEKSClusterPolicy"
            ],
            "max_session_duration": 3600,
            "name": "staging-demo-eks-cluster",
            "name_prefix": "",
            "path": "/",
            "permissions_boundary": "",
            "tags": {},
            "tags_all": {},
            "unique_id": "AROAUHQ3FK4PTJYHVETTX"
          },
          "sensitive_attributes": [],
          "identity_schema_version": 0,
          "identity": {
            "account_id": "291041007391",
            "name": "staging-demo-eks-cluster"
          },
          "private": "bnVsbA=="
        }
      ]
    },
    {
      "mode": "managed",
      "type": "aws_iam_role",
      "name": "eks_admin",
      "provider": "provider[\"registry.terraform.io/hashicorp/aws\"]",
      "instances": [
        {
          "schema_version": 0,
          "attributes": {
            "arn": "arn:aws:iam::291041007391:role/staging-demo-eks-admin",
            "assume_role_policy": "{\"Statement\":[{\"Action\":\"sts:AssumeRole\",\"Effect\":\"Allow\",\"Principal\":{\"AWS\":\"arn:aws:iam::291041007391:root\"}}],\"Version\":\"2012-10-17\"}",
            "create_date": "2025-08-30T15:42:30Z",
            "description": "",
            "force_detach_policies": false,
            "id": "staging-demo-eks-admin",
            "inline_policy": [],
            "managed_policy_arns": [
              "arn:aws:iam::291041007391:policy/AmazonEKSAdminPolicy"
            ],
            "max_session_duration": 3600,
            "name": "staging-demo-eks-admin",
            "name_prefix": "",
            "path": "/",
            "permissions_boundary": "",
            "tags": {},
            "tags_all": {},
            "unique_id": "AROAUHQ3FK4PSVWTDOTCH"
          },
          "sensitive_attributes": [],
          "identity_schema_version": 0,
          "identity": {
            "account_id": "291041007391",
            "name": "staging-demo-eks-admin"
          },
          "private": "bnVsbA==",
          "dependencies": [
            "data.aws_caller_identity.current"
          ]
        }
      ]
    },
    {
      "mode": "managed",
      "type": "aws_iam_role",
      "name": "nodes",
      "provider": "provider[\"registry.terraform.io/hashicorp/aws\"]",
      "instances": [
        {
          "schema_version": 0,
          "attributes": {
            "arn": "arn:aws:iam::291041007391:role/staging-demo-eks-nodes",
            "assume_role_policy": "{\"Statement\":[{\"Action\":[\"sts:AssumeRole\"],\"Effect\":\"Allow\",\"Principal\":{\"Service\":[\"ec2.amazonaws.com\"]}}],\"Version\":\"2012-10-17\"}",
            "create_date": "2025-08-29T08:31:13Z",
            "description": "",
            "force_detach_policies": false,
            "id": "staging-demo-eks-nodes",
            "inline_policy": [],
            "managed_policy_arns": [
              "arn:aws:iam::aws:policy/AmazonEC2ContainerRegistryReadOnly",
              "arn:aws:iam::aws:policy/AmazonEKSWorkerNodePolicy",
              "arn:aws:iam::aws:policy/AmazonEKS_CNI_Policy"
            ],
            "max_session_duration": 3600,
            "name": "staging-demo-eks-nodes",
            "name_prefix": "",
            "path": "/",
            "permissions_boundary": "",
            "tags": {},
            "tags_all": {},
            "unique_id": "AROAUHQ3FK4PXVV27HDFW"
          },
          "sensitive_attributes": [],
          "identity_schema_version": 0,
          "identity": {
            "account_id": "291041007391",
            "name": "staging-demo-eks-nodes"
          },
          "private": "bnVsbA=="
        }
      ]
    },
    {
      "mode": "managed",
      "type": "aws_iam_role_policy_attachment",
      "name": "aws_ec2_container_registry_read_only",
      "provider": "provider[\"registry.terraform.io/hashicorp/aws\"]",
      "instances": [
        {
          "schema_version": 0,
          "attributes": {
            "id": "staging-demo-eks-nodes/arn:aws:iam::aws:policy/AmazonEC2ContainerRegistryReadOnly",
            "policy_arn": "arn:aws:iam::aws:policy/AmazonEC2ContainerRegistryReadOnly",
            "role": "staging-demo-eks-nodes"
          },
          "sensitive_attributes": [],
          "identity_schema_version": 0,
          "identity": {
            "account_id": "291041007391",
            "policy_arn": "arn:aws:iam::aws:policy/AmazonEC2ContainerRegistryReadOnly",
            "role": "staging-demo-eks-nodes"
          },
          "private": "bnVsbA==",
          "dependencies": [
            "aws_iam_role.nodes"
          ]
        }
      ]
    },
    {
      "mode": "managed",
      "type": "aws_iam_role_policy_attachment",
      "name": "aws_eks_cni_policy",
      "provider": "provider[\"registry.terraform.io/hashicorp/aws\"]",
      "instances": [
        {
          "schema_version": 0,
          "attributes": {
            "id": "staging-demo-eks-nodes/arn:aws:iam::aws:policy/AmazonEKS_CNI_Policy",
            "policy_arn": "arn:aws:iam::aws:policy/AmazonEKS_CNI_Policy",
            "role": "staging-demo-eks-nodes"
          },
          "sensitive_attributes": [],
          "identity_schema_version": 0,
          "identity": {
            "account_id": "291041007391",
            "policy_arn": "arn:aws:iam::aws:policy/AmazonEKS_CNI_Policy",
            "role": "staging-demo-eks-nodes"
          },
          "private": "bnVsbA==",
          "dependencies": [
            "aws_iam_role.nodes"
          ]
        }
      ]
    },
    {
      "mode": "managed",
      "type": "aws_iam_role_policy_attachment",
      "name": "aws_eks_worker_node_policy",
      "provider": "provider[\"registry.terraform.io/hashicorp/aws\"]",
      "instances": [
        {
          "schema_version": 0,
          "attributes": {
            "id": "staging-demo-eks-nodes/arn:aws:iam::aws:policy/AmazonEKSWorkerNodePolicy",
            "policy_arn": "arn:aws:iam::aws:policy/AmazonEKSWorkerNodePolicy",
            "role": "staging-demo-eks-nodes"
          },
          "sensitive_attributes": [],
          "identity_schema_version": 0,
          "identity": {
            "account_id": "291041007391",
            "policy_arn": "arn:aws:iam::aws:policy/AmazonEKSWorkerNodePolicy",
            "role": "staging-demo-eks-nodes"
          },
          "private": "bnVsbA==",
          "dependencies": [
            "aws_iam_role.nodes"
          ]
        }
      ]
    },
    {
      "mode": "managed",
      "type": "aws_iam_role_policy_attachment",
      "name": "eks",
      "provider": "provider[\"registry.terraform.io/hashicorp/aws\"]",
      "instances": [
        {
          "schema_version": 0,
          "attributes": {
            "id": "staging-demo-eks-cluster/arn:aws:iam::aws:policy/AmazonEKSClusterPolicy",
            "policy_arn": "arn:aws:iam::aws:policy/AmazonEKSClusterPolicy",
            "role": "staging-demo-eks-cluster"
          },
          "sensitive_attributes": [],
          "identity_schema_version": 0,
          "identity": {
            "account_id": "291041007391",
            "policy_arn": "arn:aws:iam::aws:policy/AmazonEKSClusterPolicy",
            "role": "staging-demo-eks-cluster"
          },
          "private": "bnVsbA==",
          "dependencies": [
            "aws_iam_role.eks"
          ]
        }
      ]
    },
    {
      "mode": "managed",
      "type": "aws_iam_role_policy_attachment",
      "name": "eks_admin",
      "provider": "provider[\"registry.terraform.io/hashicorp/aws\"]",
      "instances": [
        {
          "schema_version": 0,
          "attributes": {
            "id": "staging-demo-eks-admin/arn:aws:iam::291041007391:policy/AmazonEKSAdminPolicy",
            "policy_arn": "arn:aws:iam::291041007391:policy/AmazonEKSAdminPolicy",
            "role": "staging-demo-eks-admin"
          },
          "sensitive_attributes": [],
          "identity_schema_version": 0,
          "identity": {
            "account_id": "291041007391",
            "policy_arn": "arn:aws:iam::291041007391:policy/AmazonEKSAdminPolicy",
            "role": "staging-demo-eks-admin"
          },
          "private": "bnVsbA==",
          "dependencies": [
            "aws_iam_policy.eks_admin",
            "aws_iam_role.eks_admin",
            "data.aws_caller_identity.current"
          ]
        }
      ]
    },
    {
      "mode": "managed",
      "type": "aws_iam_user",
      "name": "developer",
      "provider": "provider[\"registry.terraform.io/hashicorp/aws\"]",
      "instances": [
        {
          "schema_version": 0,
          "attributes": {
            "arn": "arn:aws:iam::291041007391:user/developer",
            "force_destroy": false,
            "id": "developer",
            "name": "developer",
            "path": "/",
            "permissions_boundary": "",
            "tags": {},
            "tags_all": {},
            "unique_id": "AIDAUHQ3FK4P7RZWOEWS4"
          },
          "sensitive_attributes": [],
          "identity_schema_version": 0,
          "private": "bnVsbA=="
        }
      ]
    },
    {
      "mode": "managed",
      "type": "aws_iam_user",
      "name": "manager",
      "provider": "provider[\"registry.terraform.io/hashicorp/aws\"]",
      "instances": [
        {
          "schema_version": 0,
          "attributes": {
            "arn": "arn:aws:iam::291041007391:user/manager",
            "force_destroy": false,
            "id": "manager",
            "name": "manager",
            "path": "/",
            "permissions_boundary": "",
            "tags": {},
            "tags_all": {},
            "unique_id": "AIDAUHQ3FK4P27EAWZH6E"
          },
          "sensitive_attributes": [],
          "identity_schema_version": 0,
          "private": "bnVsbA=="
        }
      ]
    },
    {
      "mode": "managed",
      "type": "aws_iam_user_policy_attachment",
      "name": "dev_eks",
      "provider": "provider[\"registry.terraform.io/hashicorp/aws\"]",
      "instances": [
        {
          "schema_version": 0,
          "attributes": {
            "id": "developer-20250830141205533200000001",
            "policy_arn": "arn:aws:iam::291041007391:policy/AmazonEKSDeveloperPolicy",
            "user": "developer"
          },
          "sensitive_attributes": [],
          "identity_schema_version": 0,
          "private": "bnVsbA==",
          "dependencies": [
            "aws_iam_policy.dev_eks",
            "aws_iam_user.developer"
          ]
        }
      ]
    },
    {
      "mode": "managed",
      "type": "aws_iam_user_policy_attachment",
      "name": "manager",
      "provider": "provider[\"registry.terraform.io/hashicorp/aws\"]",
      "instances": [
        {
          "schema_version": 0,
          "attributes": {
            "id": "manager-20250830154645790500000001",
            "policy_arn": "arn:aws:iam::291041007391:policy/AmazonEKSAssumeAdminPolicy",
            "user": "manager"
          },
          "sensitive_attributes": [],
          "identity_schema_version": 0,
          "private": "bnVsbA==",
          "dependencies": [
            "aws_iam_policy.eks_assume_admin",
            "aws_iam_role.eks_admin",
            "aws_iam_user.manager",
            "data.aws_caller_identity.current"
          ]
        }
      ]
    },
    {
      "mode": "managed",
      "type": "aws_internet_gateway",
      "name": "igw-eks-main",
      "provider": "provider[\"registry.terraform.io/hashicorp/aws\"]",
      "instances": [
        {
          "schema_version": 0,
          "attributes": {
            "arn": "arn:aws:ec2:ap-southeast-1:291041007391:internet-gateway/igw-0a3341c7d7a8e7bb4",
            "id": "igw-0a3341c7d7a8e7bb4",
            "owner_id": "291041007391",
            "region": "ap-southeast-1",
            "tags": {
              "Name": "staging-igw-eks-main"
            },
            "tags_all": {
              "Name": "staging-igw-eks-main"
            },
            "timeouts": null,
            "vpc_id": "vpc-049866d842b07827c"
          },
          "sensitive_attributes": [],
          "identity_schema_version": 0,
          "private": "eyJlMmJmYjczMC1lY2FhLTExZTYtOGY4OC0zNDM2M2JjN2M0YzAiOnsiY3JlYXRlIjoxMjAwMDAwMDAwMDAwLCJkZWxldGUiOjEyMDAwMDAwMDAwMDAsInVwZGF0ZSI6MTIwMDAwMDAwMDAwMH19",
          "dependencies": [
            "aws_vpc.vpc-eks-main"
          ]
        }
      ]
    },
    {
      "mode": "managed",
      "type": "aws_nat_gateway",
      "name": "nat-gw",
      "provider": "provider[\"registry.terraform.io/hashicorp/aws\"]",
      "instances": [
        {
          "schema_version": 0,
          "attributes": {
            "allocation_id": "eipalloc-0587f91a4fabb34f0",
            "association_id": "eipassoc-0eda45fc1fd86af4f",
            "connectivity_type": "public",
            "id": "nat-08ded509c38049ced",
            "network_interface_id": "eni-04dee63550c69b14d",
            "private_ip": "10.0.2.165",
            "public_ip": "52.74.215.6",
            "region": "ap-southeast-1",
            "secondary_allocation_ids": [],
            "secondary_private_ip_address_count": 0,
            "secondary_private_ip_addresses": [],
            "subnet_id": "subnet-0d111b334d3181fd9",
            "tags": {
              "Name": "staging-nat-gw"
            },
            "tags_all": {
              "Name": "staging-nat-gw"
            },
            "timeouts": null
          },
          "sensitive_attributes": [],
          "identity_schema_version": 0,
          "private": "eyJlMmJmYjczMC1lY2FhLTExZTYtOGY4OC0zNDM2M2JjN2M0YzAiOnsiY3JlYXRlIjo2MDAwMDAwMDAwMDAsImRlbGV0ZSI6MTgwMDAwMDAwMDAwMCwidXBkYXRlIjo2MDAwMDAwMDAwMDB9fQ==",
          "dependencies": [
            "aws_eip.nat-eip",
            "aws_internet_gateway.igw-eks-main",
            "aws_subnet.public-1-zone1",
            "aws_vpc.vpc-eks-main"
          ]
        }
      ]
    },
    {
      "mode": "managed",
      "type": "aws_route_table",
      "name": "private-rt",
      "provider": "provider[\"registry.terraform.io/hashicorp/aws\"]",
      "instances": [
        {
          "schema_version": 0,
          "attributes": {
            "arn": "arn:aws:ec2:ap-southeast-1:291041007391:route-table/rtb-08a75370bd904d4ca",
            "id": "rtb-08a75370bd904d4ca",
            "owner_id": "291041007391",
            "propagating_vgws": [],
            "region": "ap-southeast-1",
            "route": [
              {
                "carrier_gateway_id": "",
                "cidr_block": "0.0.0.0/0",
                "core_network_arn": "",
                "destination_prefix_list_id": "",
                "egress_only_gateway_id": "",
                "gateway_id": "",
                "ipv6_cidr_block": "",
                "local_gateway_id": "",
                "nat_gateway_id": "nat-08ded509c38049ced",
                "network_interface_id": "",
                "transit_gateway_id": "",
                "vpc_endpoint_id": "",
                "vpc_peering_connection_id": ""
              }
            ],
            "tags": {
              "Name": "staging-private-rt"
            },
            "tags_all": {
              "Name": "staging-private-rt"
            },
            "timeouts": null,
            "vpc_id": "vpc-049866d842b07827c"
          },
          "sensitive_attributes": [],
          "identity_schema_version": 0,
          "private": "eyJlMmJmYjczMC1lY2FhLTExZTYtOGY4OC0zNDM2M2JjN2M0YzAiOnsiY3JlYXRlIjozMDAwMDAwMDAwMDAsImRlbGV0ZSI6MzAwMDAwMDAwMDAwLCJ1cGRhdGUiOjEyMDAwMDAwMDAwMH19",
          "dependencies": [
            "aws_eip.nat-eip",
            "aws_internet_gateway.igw-eks-main",
            "aws_nat_gateway.nat-gw",
            "aws_subnet.public-1-zone1",
            "aws_vpc.vpc-eks-main"
          ]
        }
      ]
    },
    {
      "mode": "managed",
      "type": "aws_route_table",
      "name": "public-rt",
      "provider": "provider[\"registry.terraform.io/hashicorp/aws\"]",
      "instances": [
        {
          "schema_version": 0,
          "attributes": {
            "arn": "arn:aws:ec2:ap-southeast-1:291041007391:route-table/rtb-0563ea8f333482fdc",
            "id": "rtb-0563ea8f333482fdc",
            "owner_id": "291041007391",
            "propagating_vgws": [],
            "region": "ap-southeast-1",
            "route": [
              {
                "carrier_gateway_id": "",
                "cidr_block": "0.0.0.0/0",
                "core_network_arn": "",
                "destination_prefix_list_id": "",
                "egress_only_gateway_id": "",
                "gateway_id": "igw-0a3341c7d7a8e7bb4",
                "ipv6_cidr_block": "",
                "local_gateway_id": "",
                "nat_gateway_id": "",
                "network_interface_id": "",
                "transit_gateway_id": "",
                "vpc_endpoint_id": "",
                "vpc_peering_connection_id": ""
              }
            ],
            "tags": {
              "Name": "staging-public-rt"
            },
            "tags_all": {
              "Name": "staging-public-rt"
            },
            "timeouts": null,
            "vpc_id": "vpc-049866d842b07827c"
          },
          "sensitive_attributes": [],
          "identity_schema_version": 0,
          "private": "eyJlMmJmYjczMC1lY2FhLTExZTYtOGY4OC0zNDM2M2JjN2M0YzAiOnsiY3JlYXRlIjozMDAwMDAwMDAwMDAsImRlbGV0ZSI6MzAwMDAwMDAwMDAwLCJ1cGRhdGUiOjEyMDAwMDAwMDAwMH19",
          "dependencies": [
            "aws_internet_gateway.igw-eks-main",
            "aws_vpc.vpc-eks-main"
          ]
        }
      ]
    },
    {
      "mode": "managed",
      "type": "aws_route_table_association",
      "name": "private-zone1",
      "provider": "provider[\"registry.terraform.io/hashicorp/aws\"]",
      "instances": [
        {
          "schema_version": 0,
          "attributes": {
            "gateway_id": "",
            "id": "rtbassoc-043654ebafc8a5af1",
            "region": "ap-southeast-1",
            "route_table_id": "rtb-08a75370bd904d4ca",
            "subnet_id": "subnet-0e176d78dada8e928",
            "timeouts": null
          },
          "sensitive_attributes": [],
          "identity_schema_version": 0,
          "private": "eyJlMmJmYjczMC1lY2FhLTExZTYtOGY4OC0zNDM2M2JjN2M0YzAiOnsiY3JlYXRlIjozMDAwMDAwMDAwMDAsImRlbGV0ZSI6MzAwMDAwMDAwMDAwLCJ1cGRhdGUiOjEyMDAwMDAwMDAwMH19",
          "dependencies": [
            "aws_eip.nat-eip",
            "aws_internet_gateway.igw-eks-main",
            "aws_nat_gateway.nat-gw",
            "aws_route_table.private-rt",
            "aws_subnet.private-1-zone1",
            "aws_subnet.public-1-zone1",
            "aws_vpc.vpc-eks-main"
          ]
        }
      ]
    },
    {
      "mode": "managed",
      "type": "aws_route_table_association",
      "name": "private-zone2",
      "provider": "provider[\"registry.terraform.io/hashicorp/aws\"]",
      "instances": [
        {
          "schema_version": 0,
          "attributes": {
            "gateway_id": "",
            "id": "rtbassoc-0bfe20cdfc4a11b6e",
            "region": "ap-southeast-1",
            "route_table_id": "rtb-08a75370bd904d4ca",
            "subnet_id": "subnet-07cfd4924b883472c",
            "timeouts": null
          },
          "sensitive_attributes": [],
          "identity_schema_version": 0,
          "private": "eyJlMmJmYjczMC1lY2FhLTExZTYtOGY4OC0zNDM2M2JjN2M0YzAiOnsiY3JlYXRlIjozMDAwMDAwMDAwMDAsImRlbGV0ZSI6MzAwMDAwMDAwMDAwLCJ1cGRhdGUiOjEyMDAwMDAwMDAwMH19",
          "dependencies": [
            "aws_eip.nat-eip",
            "aws_internet_gateway.igw-eks-main",
            "aws_nat_gateway.nat-gw",
            "aws_route_table.private-rt",
            "aws_subnet.private-1-zone2",
            "aws_subnet.public-1-zone1",
            "aws_vpc.vpc-eks-main"
          ]
        }
      ]
    },
    {
      "mode": "managed",
      "type": "aws_route_table_association",
      "name": "public-zone1",
      "provider": "provider[\"registry.terraform.io/hashicorp/aws\"]",
      "instances": [
        {
          "schema_version": 0,
          "attributes": {
            "gateway_id": "",
            "id": "rtbassoc-0311bda26173e5302",
            "region": "ap-southeast-1",
            "route_table_id": "rtb-0563ea8f333482fdc",
            "subnet_id": "subnet-0d111b334d3181fd9",
            "timeouts": null
          },
          "sensitive_attributes": [],
          "identity_schema_version": 0,
          "private": "eyJlMmJmYjczMC1lY2FhLTExZTYtOGY4OC0zNDM2M2JjN2M0YzAiOnsiY3JlYXRlIjozMDAwMDAwMDAwMDAsImRlbGV0ZSI6MzAwMDAwMDAwMDAwLCJ1cGRhdGUiOjEyMDAwMDAwMDAwMH19",
          "dependencies": [
            "aws_internet_gateway.igw-eks-main",
            "aws_route_table.public-rt",
            "aws_subnet.public-1-zone1",
            "aws_vpc.vpc-eks-main"
          ]
        }
      ]
    },
    {
      "mode": "managed",
      "type": "aws_route_table_association",
      "name": "public-zone2",
      "provider": "provider[\"registry.terraform.io/hashicorp/aws\"]",
      "instances": [
        {
          "schema_version": 0,
          "attributes": {
            "gateway_id": "",
            "id": "rtbassoc-046bd301ba30cd758",
            "region": "ap-southeast-1",
            "route_table_id": "rtb-0563ea8f333482fdc",
            "subnet_id": "subnet-0fcac0cdc035ad6d1",
            "timeouts": null
          },
          "sensitive_attributes": [],
          "identity_schema_version": 0,
          "private": "eyJlMmJmYjczMC1lY2FhLTExZTYtOGY4OC0zNDM2M2JjN2M0YzAiOnsiY3JlYXRlIjozMDAwMDAwMDAwMDAsImRlbGV0ZSI6MzAwMDAwMDAwMDAwLCJ1cGRhdGUiOjEyMDAwMDAwMDAwMH19",
          "dependencies": [
            "aws_internet_gateway.igw-eks-main",
            "aws_route_table.public-rt",
            "aws_subnet.public-1-zone2",
            "aws_vpc.vpc-eks-main"
          ]
        }
      ]
    },
    {
      "mode": "managed",
      "type": "aws_subnet",
      "name": "private-1-zone1",
      "provider": "provider[\"registry.terraform.io/hashicorp/aws\"]",
      "instances": [
        {
          "schema_version": 1,
          "attributes": {
            "arn": "arn:aws:ec2:ap-southeast-1:291041007391:subnet/subnet-0e176d78dada8e928",
            "assign_ipv6_address_on_creation": false,
            "availability_zone": "ap-southeast-1a",
            "availability_zone_id": "apse1-az2",
            "cidr_block": "10.0.0.0/24",
            "customer_owned_ipv4_pool": "",
            "enable_dns64": false,
            "enable_lni_at_device_index": 0,
            "enable_resource_name_dns_a_record_on_launch": false,
            "enable_resource_name_dns_aaaa_record_on_launch": false,
            "id": "subnet-0e176d78dada8e928",
            "ipv6_cidr_block": "",
            "ipv6_cidr_block_association_id": "",
            "ipv6_native": false,
            "map_customer_owned_ip_on_launch": false,
            "map_public_ip_on_launch": false,
            "outpost_arn": "",
            "owner_id": "291041007391",
            "private_dns_hostname_type_on_launch": "ip-name",
            "region": "ap-southeast-1",
            "tags": {
              "Name": "staging-private-1-zone1",
              "kubernetes.io/cluster/demo-eks": "shared",
              "kubernetes.io/role/internal-elb": "1"
            },
            "tags_all": {
              "Name": "staging-private-1-zone1",
              "kubernetes.io/cluster/demo-eks": "shared",
              "kubernetes.io/role/internal-elb": "1"
            },
            "timeouts": null,
            "vpc_id": "vpc-049866d842b07827c"
          },
          "sensitive_attributes": [],
          "identity_schema_version": 0,
          "identity": {
            "account_id": "291041007391",
            "id": "subnet-0e176d78dada8e928",
            "region": "ap-southeast-1"
          },
          "private": "eyJlMmJmYjczMC1lY2FhLTExZTYtOGY4OC0zNDM2M2JjN2M0YzAiOnsiY3JlYXRlIjo2MDAwMDAwMDAwMDAsImRlbGV0ZSI6MTIwMDAwMDAwMDAwMH0sInNjaGVtYV92ZXJzaW9uIjoiMSJ9",
          "dependencies": [
            "aws_vpc.vpc-eks-main"
          ]
        }
      ]
    },
    {
      "mode": "managed",
      "type": "aws_subnet",
      "name": "private-1-zone2",
      "provider": "provider[\"registry.terraform.io/hashicorp/aws\"]",
      "instances": [
        {
          "schema_version": 1,
          "attributes": {
            "arn": "arn:aws:ec2:ap-southeast-1:291041007391:subnet/subnet-07cfd4924b883472c",
            "assign_ipv6_address_on_creation": false,
            "availability_zone": "ap-southeast-1b",
            "availability_zone_id": "apse1-az1",
            "cidr_block": "10.0.1.0/24",
            "customer_owned_ipv4_pool": "",
            "enable_dns64": false,
            "enable_lni_at_device_index": 0,
            "enable_resource_name_dns_a_record_on_launch": false,
            "enable_resource_name_dns_aaaa_record_on_launch": false,
            "id": "subnet-07cfd4924b883472c",
            "ipv6_cidr_block": "",
            "ipv6_cidr_block_association_id": "",
            "ipv6_native": false,
            "map_customer_owned_ip_on_launch": false,
            "map_public_ip_on_launch": false,
            "outpost_arn": "",
            "owner_id": "291041007391",
            "private_dns_hostname_type_on_launch": "ip-name",
            "region": "ap-southeast-1",
            "tags": {
              "Name": "staging-private-1-zone2",
              "kubernetes.io/cluster/demo-eks": "shared",
              "kubernetes.io/role/internal-elb": "1"
            },
            "tags_all": {
              "Name": "staging-private-1-zone2",
              "kubernetes.io/cluster/demo-eks": "shared",
              "kubernetes.io/role/internal-elb": "1"
            },
            "timeouts": null,
            "vpc_id": "vpc-049866d842b07827c"
          },
          "sensitive_attributes": [],
          "identity_schema_version": 0,
          "identity": {
            "account_id": "291041007391",
            "id": "subnet-07cfd4924b883472c",
            "region": "ap-southeast-1"
          },
          "private": "eyJlMmJmYjczMC1lY2FhLTExZTYtOGY4OC0zNDM2M2JjN2M0YzAiOnsiY3JlYXRlIjo2MDAwMDAwMDAwMDAsImRlbGV0ZSI6MTIwMDAwMDAwMDAwMH0sInNjaGVtYV92ZXJzaW9uIjoiMSJ9",
          "dependencies": [
            "aws_vpc.vpc-eks-main"
          ]
        }
      ]
    },
    {
      "mode": "managed",
      "type": "aws_subnet",
      "name": "public-1-zone1",
      "provider": "provider[\"registry.terraform.io/hashicorp/aws\"]",
      "instances": [
        {
          "schema_version": 1,
          "attributes": {
            "arn": "arn:aws:ec2:ap-southeast-1:291041007391:subnet/subnet-0d111b334d3181fd9",
            "assign_ipv6_address_on_creation": false,
            "availability_zone": "ap-southeast-1a",
            "availability_zone_id": "apse1-az2",
            "cidr_block": "10.0.2.0/24",
            "customer_owned_ipv4_pool": "",
            "enable_dns64": false,
            "enable_lni_at_device_index": 0,
            "enable_resource_name_dns_a_record_on_launch": false,
            "enable_resource_name_dns_aaaa_record_on_launch": false,
            "id": "subnet-0d111b334d3181fd9",
            "ipv6_cidr_block": "",
            "ipv6_cidr_block_association_id": "",
            "ipv6_native": false,
            "map_customer_owned_ip_on_launch": false,
            "map_public_ip_on_launch": false,
            "outpost_arn": "",
            "owner_id": "291041007391",
            "private_dns_hostname_type_on_launch": "ip-name",
            "region": "ap-southeast-1",
            "tags": {
              "Name": "staging-public-1-zone1",
              "kubernetes.io/cluster/demo-eks": "shared",
              "kubernetes.io/role/elb": "1"
            },
            "tags_all": {
              "Name": "staging-public-1-zone1",
              "kubernetes.io/cluster/demo-eks": "shared",
              "kubernetes.io/role/elb": "1"
            },
            "timeouts": null,
            "vpc_id": "vpc-049866d842b07827c"
          },
          "sensitive_attributes": [],
          "identity_schema_version": 0,
          "identity": {
            "account_id": "291041007391",
            "id": "subnet-0d111b334d3181fd9",
            "region": "ap-southeast-1"
          },
          "private": "eyJlMmJmYjczMC1lY2FhLTExZTYtOGY4OC0zNDM2M2JjN2M0YzAiOnsiY3JlYXRlIjo2MDAwMDAwMDAwMDAsImRlbGV0ZSI6MTIwMDAwMDAwMDAwMH0sInNjaGVtYV92ZXJzaW9uIjoiMSJ9",
          "dependencies": [
            "aws_vpc.vpc-eks-main"
          ]
        }
      ]
    },
    {
      "mode": "managed",
      "type": "aws_subnet",
      "name": "public-1-zone2",
      "provider": "provider[\"registry.terraform.io/hashicorp/aws\"]",
      "instances": [
        {
          "schema_version": 1,
          "attributes": {
            "arn": "arn:aws:ec2:ap-southeast-1:291041007391:subnet/subnet-0fcac0cdc035ad6d1",
            "assign_ipv6_address_on_creation": false,
            "availability_zone": "ap-southeast-1b",
            "availability_zone_id": "apse1-az1",
            "cidr_block": "10.0.3.0/24",
            "customer_owned_ipv4_pool": "",
            "enable_dns64": false,
            "enable_lni_at_device_index": 0,
            "enable_resource_name_dns_a_record_on_launch": false,
            "enable_resource_name_dns_aaaa_record_on_launch": false,
            "id": "subnet-0fcac0cdc035ad6d1",
            "ipv6_cidr_block": "",
            "ipv6_cidr_block_association_id": "",
            "ipv6_native": false,
            "map_customer_owned_ip_on_launch": false,
            "map_public_ip_on_launch": false,
            "outpost_arn": "",
            "owner_id": "291041007391",
            "private_dns_hostname_type_on_launch": "ip-name",
            "region": "ap-southeast-1",
            "tags": {
              "Name": "staging-public-1-zone2",
              "kubernetes.io/cluster/demo-eks": "shared",
              "kubernetes.io/role/elb": "1"
            },
            "tags_all": {
              "Name": "staging-public-1-zone2",
              "kubernetes.io/cluster/demo-eks": "shared",
              "kubernetes.io/role/elb": "1"
            },
            "timeouts": null,
            "vpc_id": "vpc-049866d842b07827c"
          },
          "sensitive_attributes": [],
          "identity_schema_version": 0,
          "identity": {
            "account_id": "291041007391",
            "id": "subnet-0fcac0cdc035ad6d1",
            "region": "ap-southeast-1"
          },
          "private": "eyJlMmJmYjczMC1lY2FhLTExZTYtOGY4OC0zNDM2M2JjN2M0YzAiOnsiY3JlYXRlIjo2MDAwMDAwMDAwMDAsImRlbGV0ZSI6MTIwMDAwMDAwMDAwMH0sInNjaGVtYV92ZXJzaW9uIjoiMSJ9",
          "dependencies": [
            "aws_vpc.vpc-eks-main"
          ]
        }
      ]
    },
    {
      "mode": "managed",
      "type": "aws_vpc",
      "name": "vpc-eks-main",
      "provider": "provider[\"registry.terraform.io/hashicorp/aws\"]",
      "instances": [
        {
          "schema_version": 1,
          "attributes": {
            "arn": "arn:aws:ec2:ap-southeast-1:291041007391:vpc/vpc-049866d842b07827c",
            "assign_generated_ipv6_cidr_block": false,
            "cidr_block": "10.0.0.0/16",
            "default_network_acl_id": "acl-0f55f6f36cbbaf036",
            "default_route_table_id": "rtb-0036944850759c614",
            "default_security_group_id": "sg-02106d301bd4b211a",
            "dhcp_options_id": "dopt-06f11a0a2cb06ae96",
            "enable_dns_hostnames": true,
            "enable_dns_support": true,
            "enable_network_address_usage_metrics": false,
            "id": "vpc-049866d842b07827c",
            "instance_tenancy": "default",
            "ipv4_ipam_pool_id": null,
            "ipv4_netmask_length": null,
            "ipv6_association_id": "",
            "ipv6_cidr_block": "",
            "ipv6_cidr_block_network_border_group": "",
            "ipv6_ipam_pool_id": "",
            "ipv6_netmask_length": 0,
            "main_route_table_id": "rtb-0036944850759c614",
            "owner_id": "291041007391",
            "region": "ap-southeast-1",
            "tags": {
              "Name": "staging-vpc-eks-main"
            },
            "tags_all": {
              "Name": "staging-vpc-eks-main"
            }
          },
          "sensitive_attributes": [],
          "identity_schema_version": 0,
          "private": "eyJzY2hlbWFfdmVyc2lvbiI6IjEifQ=="
        }
      ]
    },
    {
      "mode": "managed",
      "type": "helm_release",
      "name": "metrics_server",
      "provider": "provider[\"registry.terraform.io/hashicorp/helm\"]",
      "instances": [
        {
          "schema_version": 1,
          "attributes": {
            "atomic": false,
            "chart": "metrics-server",
            "cleanup_on_fail": false,
            "create_namespace": false,
            "dependency_update": false,
            "description": null,
            "devel": null,
            "disable_crd_hooks": false,
            "disable_openapi_validation": false,
            "disable_webhooks": false,
            "force_update": false,
            "id": "metrics-server",
            "keyring": null,
            "lint": false,
            "manifest": null,
            "max_history": 0,
            "metadata": [
              {
                "app_version": "0.7.1",
                "chart": "metrics-server",
                "first_deployed": 1756635253,
                "last_deployed": 1756635253,
                "name": "metrics-server",
                "namespace": "kube-system",
                "notes": "***********************************************************************\n* Metrics Server                                                      *\n***********************************************************************\n  Chart version: 3.12.1\n  App version:   0.7.1\n  Image tag:     registry.k8s.io/metrics-server/metrics-server:v0.7.1\n***********************************************************************\n",
                "revision": 1,
                "values": "{\"defaultArgs\":[\"--cert-dir=/tmp\",\"--kubelet-preferred-address-types=InternalIP,ExternalIP,Hostname\",\"--kubelet-use-node-status-port\",\"--metric-resolution=15s\",\"--secure-port=10250\"]}",
                "version": "3.12.1"
              }
            ],
            "name": "metrics-server",
            "namespace": "kube-system",
            "pass_credentials": false,
            "postrender": [],
            "recreate_pods": false,
            "render_subchart_notes": true,
            "replace": false,
            "repository": "https://kubernetes-sigs.github.io/metrics-server/",
            "repository_ca_file": null,
            "repository_cert_file": null,
            "repository_key_file": null,
            "repository_password": null,
            "repository_username": null,
            "reset_values": false,
            "reuse_values": false,
            "set": [],
            "set_list": [],
            "set_sensitive": [],
            "skip_crds": false,
            "status": "deployed",
            "timeout": 300,
            "upgrade_install": null,
            "values": [
              "---\r\ndefaultArgs:\r\n  - --cert-dir=/tmp\r\n  - --kubelet-preferred-address-types=InternalIP,ExternalIP,Hostname\r\n  - --kubelet-use-node-status-port\r\n  - --metric-resolution=15s\r\n  - --secure-port=10250"
            ],
            "verify": false,
            "version": "3.12.1",
            "wait": true,
            "wait_for_jobs": false
          },
          "sensitive_attributes": [
            [
              {
                "type": "get_attr",
                "value": "repository_password"
              }
            ]
          ],
          "identity_schema_version": 0,
          "private": "eyJzY2hlbWFfdmVyc2lvbiI6IjEifQ==",
          "dependencies": [
            "aws_eks_cluster.eks",
            "aws_eks_node_group.general",
            "aws_iam_role.eks",
            "aws_iam_role.nodes",
            "aws_iam_role_policy_attachment.aws_ec2_container_registry_read_only",
            "aws_iam_role_policy_attachment.aws_eks_cni_policy",
            "aws_iam_role_policy_attachment.aws_eks_worker_node_policy",
            "aws_iam_role_policy_attachment.eks",
            "aws_subnet.private-1-zone1",
            "aws_subnet.private-1-zone2",
            "aws_vpc.vpc-eks-main",
            "data.aws_eks_cluster.eks",
            "data.aws_eks_cluster_auth.eks"
          ]
        }
      ]
    }
  ],
  "check_results": null
}
